// !$*UTF8*$!
{
	archiveVersion = 1;
	classes = {
	};
	objectVersion = 46;
	objects = {

/* Begin PBXBuildFile section */
		1133BA26DF251787F2F2724F /* Pods_CurrentTests.framework in Frameworks */ = {isa = PBXBuildFile; fileRef = 20253A79DD6F797BD5CDEA36 /* Pods_CurrentTests.framework */; };
		82DACFC8289D6C69D4BB3F9D /* Pods_Current.framework in Frameworks */ = {isa = PBXBuildFile; fileRef = B96277F01F8F270AD17065E3 /* Pods_Current.framework */; };
		9B41D2721FAC28F200EF7838 /* HUBTabBarViewController.swift in Sources */ = {isa = PBXBuildFile; fileRef = 9B41D2711FAC28F200EF7838 /* HUBTabBarViewController.swift */; };
		9B41D2741FAC441700EF7838 /* NavViewController.swift in Sources */ = {isa = PBXBuildFile; fileRef = 9B41D2731FAC441700EF7838 /* NavViewController.swift */; };
		9B41D2761FAC4CE500EF7838 /* ProfileViewController.swift in Sources */ = {isa = PBXBuildFile; fileRef = 9B41D2751FAC4CE500EF7838 /* ProfileViewController.swift */; };
		9B46A98E1F99C256006A6E93 /* RipplePracticeViewController.swift in Sources */ = {isa = PBXBuildFile; fileRef = 9B46A98D1F99C256006A6E93 /* RipplePracticeViewController.swift */; };
		9B46A9901F99C8BD006A6E93 /* CircleTransparentBackground.png in Resources */ = {isa = PBXBuildFile; fileRef = 9B46A98F1F99C8BD006A6E93 /* CircleTransparentBackground.png */; };
		9B66FE841FA587F700CF33B3 /* GoogleService-Info.plist in Resources */ = {isa = PBXBuildFile; fileRef = 9B66FE831FA587F700CF33B3 /* GoogleService-Info.plist */; };
		9B66FE861FA6309400CF33B3 /* RegisterUserViewController.swift in Sources */ = {isa = PBXBuildFile; fileRef = 9B66FE851FA6309400CF33B3 /* RegisterUserViewController.swift */; };
		9B768DC21FBCDCD300663F56 /* Hook.swift in Sources */ = {isa = PBXBuildFile; fileRef = 9B768DC11FBCDCD300663F56 /* Hook.swift */; };
		9B84AA481FDDB1A00049A896 /* InspectUserViewController.swift in Sources */ = {isa = PBXBuildFile; fileRef = 9B84AA471FDDB19F0049A896 /* InspectUserViewController.swift */; };
		9B88ADF01F99C0C500B73F81 /* RippleTableViewController.swift in Sources */ = {isa = PBXBuildFile; fileRef = 9B88ADEF1F99C0C500B73F81 /* RippleTableViewController.swift */; };
		9B9690211F945A900071A785 /* LaunchScreenTableViewController.swift in Sources */ = {isa = PBXBuildFile; fileRef = 9B9690201F945A900071A785 /* LaunchScreenTableViewController.swift */; };
		9B9690251F970A500071A785 /* CurrentC.png in Resources */ = {isa = PBXBuildFile; fileRef = 9B9690241F970A500071A785 /* CurrentC.png */; };
		9BB03C4A1E23994B00BDA47C /* AppDelegate.swift in Sources */ = {isa = PBXBuildFile; fileRef = 9BB03C491E23994B00BDA47C /* AppDelegate.swift */; };
		9BB03C4F1E23994B00BDA47C /* Main.storyboard in Resources */ = {isa = PBXBuildFile; fileRef = 9BB03C4D1E23994B00BDA47C /* Main.storyboard */; };
		9BB03C521E23994B00BDA47C /* Current.xcdatamodeld in Sources */ = {isa = PBXBuildFile; fileRef = 9BB03C501E23994B00BDA47C /* Current.xcdatamodeld */; };
		9BB03C541E23994B00BDA47C /* Assets.xcassets in Resources */ = {isa = PBXBuildFile; fileRef = 9BB03C531E23994B00BDA47C /* Assets.xcassets */; };
		9BB03C571E23994B00BDA47C /* LaunchScreen.storyboard in Resources */ = {isa = PBXBuildFile; fileRef = 9BB03C551E23994B00BDA47C /* LaunchScreen.storyboard */; };
		9BB03C621E23994C00BDA47C /* CurrentTests.swift in Sources */ = {isa = PBXBuildFile; fileRef = 9BB03C611E23994C00BDA47C /* CurrentTests.swift */; };
		9BB03C6D1E23994C00BDA47C /* CurrentUITests.swift in Sources */ = {isa = PBXBuildFile; fileRef = 9BB03C6C1E23994C00BDA47C /* CurrentUITests.swift */; };
		9BC452161F05F7A10026333C /* OldCreateProfileTableViewController.swift in Sources */ = {isa = PBXBuildFile; fileRef = 9BC452151F05F7A10026333C /* OldCreateProfileTableViewController.swift */; };
		9BC452181F05FB150026333C /* TextTableViewCell.swift in Sources */ = {isa = PBXBuildFile; fileRef = 9BC452171F05FB150026333C /* TextTableViewCell.swift */; };
		9BC4521A1F0651560026333C /* LogInViewController.swift in Sources */ = {isa = PBXBuildFile; fileRef = 9BC452191F0651560026333C /* LogInViewController.swift */; };
		9BC4521C1F087B780026333C /* TextFieldTableViewCell.swift in Sources */ = {isa = PBXBuildFile; fileRef = 9BC4521B1F087B780026333C /* TextFieldTableViewCell.swift */; };
		9BEA65A51FB19D30004B204C /* CurrentUser.swift in Sources */ = {isa = PBXBuildFile; fileRef = 9BEA65A41FB19D30004B204C /* CurrentUser.swift */; };
		9BF639E61FDBB73D00DB800D /* ListHooksAndUsersViewController.swift in Sources */ = {isa = PBXBuildFile; fileRef = 9BF639E51FDBB73D00DB800D /* ListHooksAndUsersViewController.swift */; };
		9BF639E81FDBB98600DB800D /* icons8-mail-filter-50.png in Resources */ = {isa = PBXBuildFile; fileRef = 9BF639E71FDBB98600DB800D /* icons8-mail-filter-50.png */; };
		9BF639EA1FDBBD4E00DB800D /* FiltersTableViewController.swift in Sources */ = {isa = PBXBuildFile; fileRef = 9BF639E91FDBBD4E00DB800D /* FiltersTableViewController.swift */; };
		9BF639ED1FDBC29F00DB800D /* icons8-alphabetical-sorting-50.png in Resources */ = {isa = PBXBuildFile; fileRef = 9BF639EB1FDBC29D00DB800D /* icons8-alphabetical-sorting-50.png */; };
		9BF639EE1FDBC29F00DB800D /* icons8-sort-by-recently-viewed-50.png in Resources */ = {isa = PBXBuildFile; fileRef = 9BF639EC1FDBC29E00DB800D /* icons8-sort-by-recently-viewed-50.png */; };
		9BF639F01FDBC53B00DB800D /* icons8-shuffle-50.png in Resources */ = {isa = PBXBuildFile; fileRef = 9BF639EF1FDBC53B00DB800D /* icons8-shuffle-50.png */; };
		9BF639F41FDBC97000DB800D /* icons8-omnichannel-50.png in Resources */ = {isa = PBXBuildFile; fileRef = 9BF639F11FDBC96D00DB800D /* icons8-omnichannel-50.png */; };
		9BF639F51FDBC97000DB800D /* icons8-very-popular-topic-50.png in Resources */ = {isa = PBXBuildFile; fileRef = 9BF639F21FDBC96E00DB800D /* icons8-very-popular-topic-50.png */; };
		9BF639F61FDBC97000DB800D /* icons8-contacts-50.png in Resources */ = {isa = PBXBuildFile; fileRef = 9BF639F31FDBC96F00DB800D /* icons8-contacts-50.png */; };
		9BF639F81FDCB24400DB800D /* icons8-delete-filled-50.png in Resources */ = {isa = PBXBuildFile; fileRef = 9BF639F71FDCB24300DB800D /* icons8-delete-filled-50.png */; };
		FB34ABEB37FAE0849269F3F2 /* Pods_CurrentUITests.framework in Frameworks */ = {isa = PBXBuildFile; fileRef = 90DDB3976949A6211F6048B7 /* Pods_CurrentUITests.framework */; };
/* End PBXBuildFile section */

/* Begin PBXContainerItemProxy section */
		9BB03C5E1E23994C00BDA47C /* PBXContainerItemProxy */ = {
			isa = PBXContainerItemProxy;
			containerPortal = 9BB03C3E1E23994A00BDA47C /* Project object */;
			proxyType = 1;
			remoteGlobalIDString = 9BB03C451E23994A00BDA47C;
			remoteInfo = Current;
		};
		9BB03C691E23994C00BDA47C /* PBXContainerItemProxy */ = {
			isa = PBXContainerItemProxy;
			containerPortal = 9BB03C3E1E23994A00BDA47C /* Project object */;
			proxyType = 1;
			remoteGlobalIDString = 9BB03C451E23994A00BDA47C;
			remoteInfo = Current;
		};
/* End PBXContainerItemProxy section */

/* Begin PBXFileReference section */
		198842FC069087E94A35D806 /* Pods-CurrentTests.release.xcconfig */ = {isa = PBXFileReference; includeInIndex = 1; lastKnownFileType = text.xcconfig; name = "Pods-CurrentTests.release.xcconfig"; path = "Pods/Target Support Files/Pods-CurrentTests/Pods-CurrentTests.release.xcconfig"; sourceTree = "<group>"; };
		20253A79DD6F797BD5CDEA36 /* Pods_CurrentTests.framework */ = {isa = PBXFileReference; explicitFileType = wrapper.framework; includeInIndex = 0; path = Pods_CurrentTests.framework; sourceTree = BUILT_PRODUCTS_DIR; };
		30AB60A9E957A8FBBEAB1E37 /* Pods-CurrentTests.debug.xcconfig */ = {isa = PBXFileReference; includeInIndex = 1; lastKnownFileType = text.xcconfig; name = "Pods-CurrentTests.debug.xcconfig"; path = "Pods/Target Support Files/Pods-CurrentTests/Pods-CurrentTests.debug.xcconfig"; sourceTree = "<group>"; };
		3CF38D4F0DD571255298210B /* Pods-CurrentUITests.release.xcconfig */ = {isa = PBXFileReference; includeInIndex = 1; lastKnownFileType = text.xcconfig; name = "Pods-CurrentUITests.release.xcconfig"; path = "Pods/Target Support Files/Pods-CurrentUITests/Pods-CurrentUITests.release.xcconfig"; sourceTree = "<group>"; };
		610C33A82AD582C43A365481 /* Pods-Current.release.xcconfig */ = {isa = PBXFileReference; includeInIndex = 1; lastKnownFileType = text.xcconfig; name = "Pods-Current.release.xcconfig"; path = "Pods/Target Support Files/Pods-Current/Pods-Current.release.xcconfig"; sourceTree = "<group>"; };
		8B552ADF1FABB2350072416B /* LabelTextFieldTableViewCell.swift */ = {isa = PBXFileReference; lastKnownFileType = sourcecode.swift; path = LabelTextFieldTableViewCell.swift; sourceTree = "<group>"; };
		90DDB3976949A6211F6048B7 /* Pods_CurrentUITests.framework */ = {isa = PBXFileReference; explicitFileType = wrapper.framework; includeInIndex = 0; path = Pods_CurrentUITests.framework; sourceTree = BUILT_PRODUCTS_DIR; };
		9B41D2711FAC28F200EF7838 /* HUBTabBarViewController.swift */ = {isa = PBXFileReference; lastKnownFileType = sourcecode.swift; path = HUBTabBarViewController.swift; sourceTree = "<group>"; };
		9B41D2731FAC441700EF7838 /* NavViewController.swift */ = {isa = PBXFileReference; lastKnownFileType = sourcecode.swift; path = NavViewController.swift; sourceTree = "<group>"; };
		9B41D2751FAC4CE500EF7838 /* ProfileViewController.swift */ = {isa = PBXFileReference; lastKnownFileType = sourcecode.swift; path = ProfileViewController.swift; sourceTree = "<group>"; };
		9B46A98D1F99C256006A6E93 /* RipplePracticeViewController.swift */ = {isa = PBXFileReference; lastKnownFileType = sourcecode.swift; path = RipplePracticeViewController.swift; sourceTree = "<group>"; };
		9B46A98F1F99C8BD006A6E93 /* CircleTransparentBackground.png */ = {isa = PBXFileReference; lastKnownFileType = image.png; path = CircleTransparentBackground.png; sourceTree = "<group>"; };
		9B66FE831FA587F700CF33B3 /* GoogleService-Info.plist */ = {isa = PBXFileReference; fileEncoding = 4; lastKnownFileType = text.plist.xml; path = "GoogleService-Info.plist"; sourceTree = "<group>"; };
		9B66FE851FA6309400CF33B3 /* RegisterUserViewController.swift */ = {isa = PBXFileReference; lastKnownFileType = sourcecode.swift; path = RegisterUserViewController.swift; sourceTree = "<group>"; };
		9B768DC11FBCDCD300663F56 /* Hook.swift */ = {isa = PBXFileReference; lastKnownFileType = sourcecode.swift; path = Hook.swift; sourceTree = "<group>"; };
		9B84AA471FDDB19F0049A896 /* InspectUserViewController.swift */ = {isa = PBXFileReference; lastKnownFileType = sourcecode.swift; path = InspectUserViewController.swift; sourceTree = "<group>"; };
		9B88ADEF1F99C0C500B73F81 /* RippleTableViewController.swift */ = {isa = PBXFileReference; lastKnownFileType = sourcecode.swift; path = RippleTableViewController.swift; sourceTree = "<group>"; };
		9B9690201F945A900071A785 /* LaunchScreenTableViewController.swift */ = {isa = PBXFileReference; lastKnownFileType = sourcecode.swift; path = LaunchScreenTableViewController.swift; sourceTree = "<group>"; };
		9B9690241F970A500071A785 /* CurrentC.png */ = {isa = PBXFileReference; lastKnownFileType = image.png; path = CurrentC.png; sourceTree = "<group>"; };
		9BB03C461E23994B00BDA47C /* Current.app */ = {isa = PBXFileReference; explicitFileType = wrapper.application; includeInIndex = 0; path = Current.app; sourceTree = BUILT_PRODUCTS_DIR; };
		9BB03C491E23994B00BDA47C /* AppDelegate.swift */ = {isa = PBXFileReference; lastKnownFileType = sourcecode.swift; path = AppDelegate.swift; sourceTree = "<group>"; };
		9BB03C4E1E23994B00BDA47C /* Base */ = {isa = PBXFileReference; lastKnownFileType = file.storyboard; name = Base; path = Base.lproj/Main.storyboard; sourceTree = "<group>"; };
		9BB03C511E23994B00BDA47C /* Current.xcdatamodel */ = {isa = PBXFileReference; lastKnownFileType = wrapper.xcdatamodel; path = Current.xcdatamodel; sourceTree = "<group>"; };
		9BB03C531E23994B00BDA47C /* Assets.xcassets */ = {isa = PBXFileReference; lastKnownFileType = folder.assetcatalog; path = Assets.xcassets; sourceTree = "<group>"; };
		9BB03C561E23994B00BDA47C /* Base */ = {isa = PBXFileReference; lastKnownFileType = file.storyboard; name = Base; path = Base.lproj/LaunchScreen.storyboard; sourceTree = "<group>"; };
		9BB03C581E23994B00BDA47C /* Info.plist */ = {isa = PBXFileReference; lastKnownFileType = text.plist.xml; path = Info.plist; sourceTree = "<group>"; };
		9BB03C5D1E23994C00BDA47C /* CurrentTests.xctest */ = {isa = PBXFileReference; explicitFileType = wrapper.cfbundle; includeInIndex = 0; path = CurrentTests.xctest; sourceTree = BUILT_PRODUCTS_DIR; };
		9BB03C611E23994C00BDA47C /* CurrentTests.swift */ = {isa = PBXFileReference; lastKnownFileType = sourcecode.swift; path = CurrentTests.swift; sourceTree = "<group>"; };
		9BB03C631E23994C00BDA47C /* Info.plist */ = {isa = PBXFileReference; lastKnownFileType = text.plist.xml; path = Info.plist; sourceTree = "<group>"; };
		9BB03C681E23994C00BDA47C /* CurrentUITests.xctest */ = {isa = PBXFileReference; explicitFileType = wrapper.cfbundle; includeInIndex = 0; path = CurrentUITests.xctest; sourceTree = BUILT_PRODUCTS_DIR; };
		9BB03C6C1E23994C00BDA47C /* CurrentUITests.swift */ = {isa = PBXFileReference; lastKnownFileType = sourcecode.swift; path = CurrentUITests.swift; sourceTree = "<group>"; };
		9BB03C6E1E23994C00BDA47C /* Info.plist */ = {isa = PBXFileReference; lastKnownFileType = text.plist.xml; path = Info.plist; sourceTree = "<group>"; };
		9BC452151F05F7A10026333C /* OldCreateProfileTableViewController.swift */ = {isa = PBXFileReference; fileEncoding = 4; lastKnownFileType = sourcecode.swift; path = OldCreateProfileTableViewController.swift; sourceTree = "<group>"; };
		9BC452171F05FB150026333C /* TextTableViewCell.swift */ = {isa = PBXFileReference; fileEncoding = 4; lastKnownFileType = sourcecode.swift; path = TextTableViewCell.swift; sourceTree = "<group>"; };
		9BC452191F0651560026333C /* LogInViewController.swift */ = {isa = PBXFileReference; fileEncoding = 4; lastKnownFileType = sourcecode.swift; name = LogInViewController.swift; path = ../LogInViewController.swift; sourceTree = "<group>"; };
		9BC4521B1F087B780026333C /* TextFieldTableViewCell.swift */ = {isa = PBXFileReference; fileEncoding = 4; lastKnownFileType = sourcecode.swift; path = TextFieldTableViewCell.swift; sourceTree = "<group>"; };
		9BEA65A41FB19D30004B204C /* CurrentUser.swift */ = {isa = PBXFileReference; lastKnownFileType = sourcecode.swift; path = CurrentUser.swift; sourceTree = "<group>"; };
		9BF639E51FDBB73D00DB800D /* ListHooksAndUsersViewController.swift */ = {isa = PBXFileReference; lastKnownFileType = sourcecode.swift; path = ListHooksAndUsersViewController.swift; sourceTree = "<group>"; };
		9BF639E71FDBB98600DB800D /* icons8-mail-filter-50.png */ = {isa = PBXFileReference; lastKnownFileType = image.png; path = "icons8-mail-filter-50.png"; sourceTree = "<group>"; };
		9BF639E91FDBBD4E00DB800D /* FiltersTableViewController.swift */ = {isa = PBXFileReference; lastKnownFileType = sourcecode.swift; path = FiltersTableViewController.swift; sourceTree = "<group>"; };
		9BF639EB1FDBC29D00DB800D /* icons8-alphabetical-sorting-50.png */ = {isa = PBXFileReference; lastKnownFileType = image.png; path = "icons8-alphabetical-sorting-50.png"; sourceTree = "<group>"; };
		9BF639EC1FDBC29E00DB800D /* icons8-sort-by-recently-viewed-50.png */ = {isa = PBXFileReference; lastKnownFileType = image.png; path = "icons8-sort-by-recently-viewed-50.png"; sourceTree = "<group>"; };
		9BF639EF1FDBC53B00DB800D /* icons8-shuffle-50.png */ = {isa = PBXFileReference; lastKnownFileType = image.png; path = "icons8-shuffle-50.png"; sourceTree = "<group>"; };
		9BF639F11FDBC96D00DB800D /* icons8-omnichannel-50.png */ = {isa = PBXFileReference; lastKnownFileType = image.png; path = "icons8-omnichannel-50.png"; sourceTree = "<group>"; };
		9BF639F21FDBC96E00DB800D /* icons8-very-popular-topic-50.png */ = {isa = PBXFileReference; lastKnownFileType = image.png; path = "icons8-very-popular-topic-50.png"; sourceTree = "<group>"; };
		9BF639F31FDBC96F00DB800D /* icons8-contacts-50.png */ = {isa = PBXFileReference; lastKnownFileType = image.png; path = "icons8-contacts-50.png"; sourceTree = "<group>"; };
		9BF639F71FDCB24300DB800D /* icons8-delete-filled-50.png */ = {isa = PBXFileReference; lastKnownFileType = image.png; path = "icons8-delete-filled-50.png"; sourceTree = "<group>"; };
		B96277F01F8F270AD17065E3 /* Pods_Current.framework */ = {isa = PBXFileReference; explicitFileType = wrapper.framework; includeInIndex = 0; path = Pods_Current.framework; sourceTree = BUILT_PRODUCTS_DIR; };
		CEDA5F978B0BAE75D87AD648 /* Pods-CurrentUITests.debug.xcconfig */ = {isa = PBXFileReference; includeInIndex = 1; lastKnownFileType = text.xcconfig; name = "Pods-CurrentUITests.debug.xcconfig"; path = "Pods/Target Support Files/Pods-CurrentUITests/Pods-CurrentUITests.debug.xcconfig"; sourceTree = "<group>"; };
		EB27090FDDC93F7FD72E7450 /* Pods-Current.debug.xcconfig */ = {isa = PBXFileReference; includeInIndex = 1; lastKnownFileType = text.xcconfig; name = "Pods-Current.debug.xcconfig"; path = "Pods/Target Support Files/Pods-Current/Pods-Current.debug.xcconfig"; sourceTree = "<group>"; };
/* End PBXFileReference section */

/* Begin PBXFrameworksBuildPhase section */
		9BB03C431E23994A00BDA47C /* Frameworks */ = {
			isa = PBXFrameworksBuildPhase;
			buildActionMask = 2147483647;
			files = (
				82DACFC8289D6C69D4BB3F9D /* Pods_Current.framework in Frameworks */,
			);
			runOnlyForDeploymentPostprocessing = 0;
		};
		9BB03C5A1E23994C00BDA47C /* Frameworks */ = {
			isa = PBXFrameworksBuildPhase;
			buildActionMask = 2147483647;
			files = (
				1133BA26DF251787F2F2724F /* Pods_CurrentTests.framework in Frameworks */,
			);
			runOnlyForDeploymentPostprocessing = 0;
		};
		9BB03C651E23994C00BDA47C /* Frameworks */ = {
			isa = PBXFrameworksBuildPhase;
			buildActionMask = 2147483647;
			files = (
				FB34ABEB37FAE0849269F3F2 /* Pods_CurrentUITests.framework in Frameworks */,
			);
			runOnlyForDeploymentPostprocessing = 0;
		};
/* End PBXFrameworksBuildPhase section */

/* Begin PBXGroup section */
		9B46A9911F9B061B006A6E93 /* Classes */ = {
			isa = PBXGroup;
			children = (
				8B552ADF1FABB2350072416B /* LabelTextFieldTableViewCell.swift */,
			);
			name = Classes;
			sourceTree = "<group>";
		};
		9B88ADED1F99C04000B73F81 /* V1 */ = {
			isa = PBXGroup;
			children = (
				9BC452191F0651560026333C /* LogInViewController.swift */,
				9BC4521B1F087B780026333C /* TextFieldTableViewCell.swift */,
				9BC452171F05FB150026333C /* TextTableViewCell.swift */,
				9BC452151F05F7A10026333C /* OldCreateProfileTableViewController.swift */,
			);
			name = V1;
			sourceTree = "<group>";
		};
		9B88ADEE1F99C06800B73F81 /* V2 */ = {
			isa = PBXGroup;
			children = (
				9B9690201F945A900071A785 /* LaunchScreenTableViewController.swift */,
				9B88ADEF1F99C0C500B73F81 /* RippleTableViewController.swift */,
				9B46A98D1F99C256006A6E93 /* RipplePracticeViewController.swift */,
				9B66FE851FA6309400CF33B3 /* RegisterUserViewController.swift */,
				9B41D2711FAC28F200EF7838 /* HUBTabBarViewController.swift */,
				9B41D2731FAC441700EF7838 /* NavViewController.swift */,
				9B41D2751FAC4CE500EF7838 /* ProfileViewController.swift */,
				9BF639E51FDBB73D00DB800D /* ListHooksAndUsersViewController.swift */,
				9BF639E91FDBBD4E00DB800D /* FiltersTableViewController.swift */,
				9B84AA471FDDB19F0049A896 /* InspectUserViewController.swift */,
			);
			name = V2;
			sourceTree = "<group>";
		};
		9B88ADF11F99C1B100B73F81 /* Supplements */ = {
			isa = PBXGroup;
			children = (
			);
			name = Supplements;
			sourceTree = "<group>";
		};
		9BB03C3D1E23994A00BDA47C = {
			isa = PBXGroup;
			children = (
				9BB03C481E23994B00BDA47C /* Current */,
				9BB03C601E23994C00BDA47C /* CurrentTests */,
				9BB03C6B1E23994C00BDA47C /* CurrentUITests */,
				9BB03C471E23994B00BDA47C /* Products */,
				FA28EF5FE899DA1D1DFED730 /* Pods */,
				E43B1DC696572F1409FCF8DC /* Frameworks */,
			);
			sourceTree = "<group>";
		};
		9BB03C471E23994B00BDA47C /* Products */ = {
			isa = PBXGroup;
			children = (
				9BB03C461E23994B00BDA47C /* Current.app */,
				9BB03C5D1E23994C00BDA47C /* CurrentTests.xctest */,
				9BB03C681E23994C00BDA47C /* CurrentUITests.xctest */,
			);
			name = Products;
			sourceTree = "<group>";
		};
		9BB03C481E23994B00BDA47C /* Current */ = {
			isa = PBXGroup;
			children = (
				9BEA65A31FB19CD3004B204C /* Model */,
				9B66FE831FA587F700CF33B3 /* GoogleService-Info.plist */,
				9B46A9911F9B061B006A6E93 /* Classes */,
				9B88ADF11F99C1B100B73F81 /* Supplements */,
				9BC4521E1F0A1BAD0026333C /* Images */,
				9BC4521D1F0A1B810026333C /* View Controllers */,
				9BB03C4D1E23994B00BDA47C /* Main.storyboard */,
				9BB03C531E23994B00BDA47C /* Assets.xcassets */,
				9BB03C551E23994B00BDA47C /* LaunchScreen.storyboard */,
				9BB03C581E23994B00BDA47C /* Info.plist */,
				9BB03C501E23994B00BDA47C /* Current.xcdatamodeld */,
			);
			path = Current;
			sourceTree = "<group>";
		};
		9BB03C601E23994C00BDA47C /* CurrentTests */ = {
			isa = PBXGroup;
			children = (
				9BB03C611E23994C00BDA47C /* CurrentTests.swift */,
				9BB03C631E23994C00BDA47C /* Info.plist */,
			);
			path = CurrentTests;
			sourceTree = "<group>";
		};
		9BB03C6B1E23994C00BDA47C /* CurrentUITests */ = {
			isa = PBXGroup;
			children = (
				9BB03C6C1E23994C00BDA47C /* CurrentUITests.swift */,
				9BB03C6E1E23994C00BDA47C /* Info.plist */,
			);
			path = CurrentUITests;
			sourceTree = "<group>";
		};
		9BC4521D1F0A1B810026333C /* View Controllers */ = {
			isa = PBXGroup;
			children = (
				9B88ADEE1F99C06800B73F81 /* V2 */,
				9B88ADED1F99C04000B73F81 /* V1 */,
				9BB03C491E23994B00BDA47C /* AppDelegate.swift */,
			);
			name = "View Controllers";
			sourceTree = "<group>";
		};
		9BC4521E1F0A1BAD0026333C /* Images */ = {
			isa = PBXGroup;
			children = (
				9BF639F71FDCB24300DB800D /* icons8-delete-filled-50.png */,
				9BF639F31FDBC96F00DB800D /* icons8-contacts-50.png */,
				9BF639F11FDBC96D00DB800D /* icons8-omnichannel-50.png */,
				9BF639F21FDBC96E00DB800D /* icons8-very-popular-topic-50.png */,
				9BF639EF1FDBC53B00DB800D /* icons8-shuffle-50.png */,
				9BF639EB1FDBC29D00DB800D /* icons8-alphabetical-sorting-50.png */,
				9BF639EC1FDBC29E00DB800D /* icons8-sort-by-recently-viewed-50.png */,
				9BF639E71FDBB98600DB800D /* icons8-mail-filter-50.png */,
				9B46A98F1F99C8BD006A6E93 /* CircleTransparentBackground.png */,
				9B9690241F970A500071A785 /* CurrentC.png */,
			);
			name = Images;
			sourceTree = "<group>";
		};
		9BEA65A31FB19CD3004B204C /* Model */ = {
			isa = PBXGroup;
			children = (
				9BEA65A41FB19D30004B204C /* CurrentUser.swift */,
				9B768DC11FBCDCD300663F56 /* Hook.swift */,
			);
			name = Model;
			sourceTree = "<group>";
		};
		E43B1DC696572F1409FCF8DC /* Frameworks */ = {
			isa = PBXGroup;
			children = (
				B96277F01F8F270AD17065E3 /* Pods_Current.framework */,
				20253A79DD6F797BD5CDEA36 /* Pods_CurrentTests.framework */,
				90DDB3976949A6211F6048B7 /* Pods_CurrentUITests.framework */,
			);
			name = Frameworks;
			sourceTree = "<group>";
		};
		FA28EF5FE899DA1D1DFED730 /* Pods */ = {
			isa = PBXGroup;
			children = (
				EB27090FDDC93F7FD72E7450 /* Pods-Current.debug.xcconfig */,
				610C33A82AD582C43A365481 /* Pods-Current.release.xcconfig */,
				30AB60A9E957A8FBBEAB1E37 /* Pods-CurrentTests.debug.xcconfig */,
				198842FC069087E94A35D806 /* Pods-CurrentTests.release.xcconfig */,
				CEDA5F978B0BAE75D87AD648 /* Pods-CurrentUITests.debug.xcconfig */,
				3CF38D4F0DD571255298210B /* Pods-CurrentUITests.release.xcconfig */,
			);
			name = Pods;
			sourceTree = "<group>";
		};
/* End PBXGroup section */

/* Begin PBXNativeTarget section */
		9BB03C451E23994A00BDA47C /* Current */ = {
			isa = PBXNativeTarget;
			buildConfigurationList = 9BB03C711E23994C00BDA47C /* Build configuration list for PBXNativeTarget "Current" */;
			buildPhases = (
				309019312739045DA67C95B1 /* [CP] Check Pods Manifest.lock */,
				9BB03C421E23994A00BDA47C /* Sources */,
				9BB03C431E23994A00BDA47C /* Frameworks */,
				9BB03C441E23994A00BDA47C /* Resources */,
				4995FEB98E858C943F84395E /* [CP] Embed Pods Frameworks */,
				63058705299CA6B304FA9587 /* [CP] Copy Pods Resources */,
			);
			buildRules = (
			);
			dependencies = (
			);
			name = Current;
			productName = Current;
			productReference = 9BB03C461E23994B00BDA47C /* Current.app */;
			productType = "com.apple.product-type.application";
		};
		9BB03C5C1E23994C00BDA47C /* CurrentTests */ = {
			isa = PBXNativeTarget;
			buildConfigurationList = 9BB03C741E23994C00BDA47C /* Build configuration list for PBXNativeTarget "CurrentTests" */;
			buildPhases = (
				4B06738A82D3672160A0D824 /* [CP] Check Pods Manifest.lock */,
				9BB03C591E23994C00BDA47C /* Sources */,
				9BB03C5A1E23994C00BDA47C /* Frameworks */,
				9BB03C5B1E23994C00BDA47C /* Resources */,
				21BB9B3E9927453F76F08CB3 /* [CP] Embed Pods Frameworks */,
				8F7D94262BCC8451F4838BCB /* [CP] Copy Pods Resources */,
			);
			buildRules = (
			);
			dependencies = (
				9BB03C5F1E23994C00BDA47C /* PBXTargetDependency */,
			);
			name = CurrentTests;
			productName = CurrentTests;
			productReference = 9BB03C5D1E23994C00BDA47C /* CurrentTests.xctest */;
			productType = "com.apple.product-type.bundle.unit-test";
		};
		9BB03C671E23994C00BDA47C /* CurrentUITests */ = {
			isa = PBXNativeTarget;
			buildConfigurationList = 9BB03C771E23994C00BDA47C /* Build configuration list for PBXNativeTarget "CurrentUITests" */;
			buildPhases = (
				AC3B59BA665C1563019EDFBA /* [CP] Check Pods Manifest.lock */,
				9BB03C641E23994C00BDA47C /* Sources */,
				9BB03C651E23994C00BDA47C /* Frameworks */,
				9BB03C661E23994C00BDA47C /* Resources */,
				F4895BB8B73C11CC99724484 /* [CP] Embed Pods Frameworks */,
				72ED081FAB316BF5090C062E /* [CP] Copy Pods Resources */,
			);
			buildRules = (
			);
			dependencies = (
				9BB03C6A1E23994C00BDA47C /* PBXTargetDependency */,
			);
			name = CurrentUITests;
			productName = CurrentUITests;
			productReference = 9BB03C681E23994C00BDA47C /* CurrentUITests.xctest */;
			productType = "com.apple.product-type.bundle.ui-testing";
		};
/* End PBXNativeTarget section */

/* Begin PBXProject section */
		9BB03C3E1E23994A00BDA47C /* Project object */ = {
			isa = PBXProject;
			attributes = {
				LastSwiftUpdateCheck = 0820;
				LastUpgradeCheck = 0900;
				ORGANIZATIONNAME = "Murphy Basil Ward";
				TargetAttributes = {
					9BB03C451E23994A00BDA47C = {
						CreatedOnToolsVersion = 8.2.1;
						LastSwiftMigration = 0900;
						ProvisioningStyle = Automatic;
					};
					9BB03C5C1E23994C00BDA47C = {
						CreatedOnToolsVersion = 8.2.1;
						LastSwiftMigration = 0900;
						ProvisioningStyle = Automatic;
						TestTargetID = 9BB03C451E23994A00BDA47C;
					};
					9BB03C671E23994C00BDA47C = {
						CreatedOnToolsVersion = 8.2.1;
						LastSwiftMigration = 0900;
						ProvisioningStyle = Automatic;
						TestTargetID = 9BB03C451E23994A00BDA47C;
					};
				};
			};
			buildConfigurationList = 9BB03C411E23994A00BDA47C /* Build configuration list for PBXProject "Current" */;
			compatibilityVersion = "Xcode 3.2";
			developmentRegion = English;
			hasScannedForEncodings = 0;
			knownRegions = (
				en,
				Base,
			);
			mainGroup = 9BB03C3D1E23994A00BDA47C;
			productRefGroup = 9BB03C471E23994B00BDA47C /* Products */;
			projectDirPath = "";
			projectRoot = "";
			targets = (
				9BB03C451E23994A00BDA47C /* Current */,
				9BB03C5C1E23994C00BDA47C /* CurrentTests */,
				9BB03C671E23994C00BDA47C /* CurrentUITests */,
			);
		};
/* End PBXProject section */

/* Begin PBXResourcesBuildPhase section */
		9BB03C441E23994A00BDA47C /* Resources */ = {
			isa = PBXResourcesBuildPhase;
			buildActionMask = 2147483647;
			files = (
				9BB03C571E23994B00BDA47C /* LaunchScreen.storyboard in Resources */,
				9BF639ED1FDBC29F00DB800D /* icons8-alphabetical-sorting-50.png in Resources */,
				9B66FE841FA587F700CF33B3 /* GoogleService-Info.plist in Resources */,
				9BF639F61FDBC97000DB800D /* icons8-contacts-50.png in Resources */,
				9BF639E81FDBB98600DB800D /* icons8-mail-filter-50.png in Resources */,
				9BF639F81FDCB24400DB800D /* icons8-delete-filled-50.png in Resources */,
				9B9690251F970A500071A785 /* CurrentC.png in Resources */,
				9BF639EE1FDBC29F00DB800D /* icons8-sort-by-recently-viewed-50.png in Resources */,
				9BF639F01FDBC53B00DB800D /* icons8-shuffle-50.png in Resources */,
				9BB03C541E23994B00BDA47C /* Assets.xcassets in Resources */,
				9BF639F51FDBC97000DB800D /* icons8-very-popular-topic-50.png in Resources */,
				9BF639F41FDBC97000DB800D /* icons8-omnichannel-50.png in Resources */,
				9B46A9901F99C8BD006A6E93 /* CircleTransparentBackground.png in Resources */,
				9BB03C4F1E23994B00BDA47C /* Main.storyboard in Resources */,
			);
			runOnlyForDeploymentPostprocessing = 0;
		};
		9BB03C5B1E23994C00BDA47C /* Resources */ = {
			isa = PBXResourcesBuildPhase;
			buildActionMask = 2147483647;
			files = (
			);
			runOnlyForDeploymentPostprocessing = 0;
		};
		9BB03C661E23994C00BDA47C /* Resources */ = {
			isa = PBXResourcesBuildPhase;
			buildActionMask = 2147483647;
			files = (
			);
			runOnlyForDeploymentPostprocessing = 0;
		};
/* End PBXResourcesBuildPhase section */

/* Begin PBXShellScriptBuildPhase section */
		21BB9B3E9927453F76F08CB3 /* [CP] Embed Pods Frameworks */ = {
			isa = PBXShellScriptBuildPhase;
			buildActionMask = 2147483647;
			files = (
			);
			inputPaths = (
				"${SRCROOT}/Pods/Target Support Files/Pods-CurrentTests/Pods-CurrentTests-frameworks.sh",
				"${BUILT_PRODUCTS_DIR}/GoogleToolboxForMac-Defines-NSData+zlib/GoogleToolboxForMac.framework",
				"${BUILT_PRODUCTS_DIR}/nanopb/nanopb.framework",
			);
			name = "[CP] Embed Pods Frameworks";
			outputPaths = (
				"${TARGET_BUILD_DIR}/${FRAMEWORKS_FOLDER_PATH}/GoogleToolboxForMac.framework",
				"${TARGET_BUILD_DIR}/${FRAMEWORKS_FOLDER_PATH}/nanopb.framework",
			);
			runOnlyForDeploymentPostprocessing = 0;
			shellPath = /bin/sh;
			shellScript = "\"${SRCROOT}/Pods/Target Support Files/Pods-CurrentTests/Pods-CurrentTests-frameworks.sh\"\n";
			showEnvVarsInLog = 0;
		};
		309019312739045DA67C95B1 /* [CP] Check Pods Manifest.lock */ = {
			isa = PBXShellScriptBuildPhase;
			buildActionMask = 2147483647;
			files = (
			);
			inputPaths = (
				"${PODS_PODFILE_DIR_PATH}/Podfile.lock",
				"${PODS_ROOT}/Manifest.lock",
			);
			name = "[CP] Check Pods Manifest.lock";
			outputPaths = (
				"$(DERIVED_FILE_DIR)/Pods-Current-checkManifestLockResult.txt",
			);
			runOnlyForDeploymentPostprocessing = 0;
			shellPath = /bin/sh;
			shellScript = "diff \"${PODS_PODFILE_DIR_PATH}/Podfile.lock\" \"${PODS_ROOT}/Manifest.lock\" > /dev/null\nif [ $? != 0 ] ; then\n    # print error to STDERR\n    echo \"error: The sandbox is not in sync with the Podfile.lock. Run 'pod install' or update your CocoaPods installation.\" >&2\n    exit 1\nfi\n# This output is used by Xcode 'outputs' to avoid re-running this script phase.\necho \"SUCCESS\" > \"${SCRIPT_OUTPUT_FILE_0}\"\n";
			showEnvVarsInLog = 0;
		};
		4995FEB98E858C943F84395E /* [CP] Embed Pods Frameworks */ = {
			isa = PBXShellScriptBuildPhase;
			buildActionMask = 2147483647;
			files = (
			);
			inputPaths = (
				"${SRCROOT}/Pods/Target Support Files/Pods-Current/Pods-Current-frameworks.sh",
				"${BUILT_PRODUCTS_DIR}/GTMSessionFetcher/GTMSessionFetcher.framework",
				"${BUILT_PRODUCTS_DIR}/GeoFire/GeoFire.framework",
				"${BUILT_PRODUCTS_DIR}/GoogleToolboxForMac-f0850809/GoogleToolboxForMac.framework",
				"${BUILT_PRODUCTS_DIR}/leveldb-library/leveldb.framework",
				"${BUILT_PRODUCTS_DIR}/nanopb/nanopb.framework",
			);
			name = "[CP] Embed Pods Frameworks";
			outputPaths = (
				"${TARGET_BUILD_DIR}/${FRAMEWORKS_FOLDER_PATH}/GTMSessionFetcher.framework",
				"${TARGET_BUILD_DIR}/${FRAMEWORKS_FOLDER_PATH}/GeoFire.framework",
				"${TARGET_BUILD_DIR}/${FRAMEWORKS_FOLDER_PATH}/GoogleToolboxForMac.framework",
				"${TARGET_BUILD_DIR}/${FRAMEWORKS_FOLDER_PATH}/leveldb.framework",
				"${TARGET_BUILD_DIR}/${FRAMEWORKS_FOLDER_PATH}/nanopb.framework",
			);
			runOnlyForDeploymentPostprocessing = 0;
			shellPath = /bin/sh;
			shellScript = "\"${SRCROOT}/Pods/Target Support Files/Pods-Current/Pods-Current-frameworks.sh\"\n";
			showEnvVarsInLog = 0;
		};
		4B06738A82D3672160A0D824 /* [CP] Check Pods Manifest.lock */ = {
			isa = PBXShellScriptBuildPhase;
			buildActionMask = 2147483647;
			files = (
			);
			inputPaths = (
				"${PODS_PODFILE_DIR_PATH}/Podfile.lock",
				"${PODS_ROOT}/Manifest.lock",
			);
			name = "[CP] Check Pods Manifest.lock";
			outputPaths = (
				"$(DERIVED_FILE_DIR)/Pods-CurrentTests-checkManifestLockResult.txt",
			);
			runOnlyForDeploymentPostprocessing = 0;
			shellPath = /bin/sh;
			shellScript = "diff \"${PODS_PODFILE_DIR_PATH}/Podfile.lock\" \"${PODS_ROOT}/Manifest.lock\" > /dev/null\nif [ $? != 0 ] ; then\n    # print error to STDERR\n    echo \"error: The sandbox is not in sync with the Podfile.lock. Run 'pod install' or update your CocoaPods installation.\" >&2\n    exit 1\nfi\n# This output is used by Xcode 'outputs' to avoid re-running this script phase.\necho \"SUCCESS\" > \"${SCRIPT_OUTPUT_FILE_0}\"\n";
			showEnvVarsInLog = 0;
		};
		63058705299CA6B304FA9587 /* [CP] Copy Pods Resources */ = {
			isa = PBXShellScriptBuildPhase;
			buildActionMask = 2147483647;
			files = (
			);
			inputPaths = (
			);
			name = "[CP] Copy Pods Resources";
			outputPaths = (
			);
			runOnlyForDeploymentPostprocessing = 0;
			shellPath = /bin/sh;
			shellScript = "\"${SRCROOT}/Pods/Target Support Files/Pods-Current/Pods-Current-resources.sh\"\n";
			showEnvVarsInLog = 0;
		};
		72ED081FAB316BF5090C062E /* [CP] Copy Pods Resources */ = {
			isa = PBXShellScriptBuildPhase;
			buildActionMask = 2147483647;
			files = (
			);
			inputPaths = (
			);
			name = "[CP] Copy Pods Resources";
			outputPaths = (
			);
			runOnlyForDeploymentPostprocessing = 0;
			shellPath = /bin/sh;
			shellScript = "\"${SRCROOT}/Pods/Target Support Files/Pods-CurrentUITests/Pods-CurrentUITests-resources.sh\"\n";
			showEnvVarsInLog = 0;
		};
		8F7D94262BCC8451F4838BCB /* [CP] Copy Pods Resources */ = {
			isa = PBXShellScriptBuildPhase;
			buildActionMask = 2147483647;
			files = (
			);
			inputPaths = (
			);
			name = "[CP] Copy Pods Resources";
			outputPaths = (
			);
			runOnlyForDeploymentPostprocessing = 0;
			shellPath = /bin/sh;
			shellScript = "\"${SRCROOT}/Pods/Target Support Files/Pods-CurrentTests/Pods-CurrentTests-resources.sh\"\n";
			showEnvVarsInLog = 0;
		};
		AC3B59BA665C1563019EDFBA /* [CP] Check Pods Manifest.lock */ = {
			isa = PBXShellScriptBuildPhase;
			buildActionMask = 2147483647;
			files = (
			);
			inputPaths = (
				"${PODS_PODFILE_DIR_PATH}/Podfile.lock",
				"${PODS_ROOT}/Manifest.lock",
			);
			name = "[CP] Check Pods Manifest.lock";
			outputPaths = (
				"$(DERIVED_FILE_DIR)/Pods-CurrentUITests-checkManifestLockResult.txt",
			);
			runOnlyForDeploymentPostprocessing = 0;
			shellPath = /bin/sh;
			shellScript = "diff \"${PODS_PODFILE_DIR_PATH}/Podfile.lock\" \"${PODS_ROOT}/Manifest.lock\" > /dev/null\nif [ $? != 0 ] ; then\n    # print error to STDERR\n    echo \"error: The sandbox is not in sync with the Podfile.lock. Run 'pod install' or update your CocoaPods installation.\" >&2\n    exit 1\nfi\n# This output is used by Xcode 'outputs' to avoid re-running this script phase.\necho \"SUCCESS\" > \"${SCRIPT_OUTPUT_FILE_0}\"\n";
			showEnvVarsInLog = 0;
		};
		F4895BB8B73C11CC99724484 /* [CP] Embed Pods Frameworks */ = {
			isa = PBXShellScriptBuildPhase;
			buildActionMask = 2147483647;
			files = (
			);
			inputPaths = (
				"${SRCROOT}/Pods/Target Support Files/Pods-CurrentUITests/Pods-CurrentUITests-frameworks.sh",
				"${BUILT_PRODUCTS_DIR}/GoogleToolboxForMac-Defines-NSData+zlib/GoogleToolboxForMac.framework",
				"${BUILT_PRODUCTS_DIR}/nanopb/nanopb.framework",
			);
			name = "[CP] Embed Pods Frameworks";
			outputPaths = (
				"${TARGET_BUILD_DIR}/${FRAMEWORKS_FOLDER_PATH}/GoogleToolboxForMac.framework",
				"${TARGET_BUILD_DIR}/${FRAMEWORKS_FOLDER_PATH}/nanopb.framework",
			);
			runOnlyForDeploymentPostprocessing = 0;
			shellPath = /bin/sh;
			shellScript = "\"${SRCROOT}/Pods/Target Support Files/Pods-CurrentUITests/Pods-CurrentUITests-frameworks.sh\"\n";
			showEnvVarsInLog = 0;
		};
/* End PBXShellScriptBuildPhase section */

/* Begin PBXSourcesBuildPhase section */
		9BB03C421E23994A00BDA47C /* Sources */ = {
			isa = PBXSourcesBuildPhase;
			buildActionMask = 2147483647;
			files = (
				9B84AA481FDDB1A00049A896 /* InspectUserViewController.swift in Sources */,
				9B66FE861FA6309400CF33B3 /* RegisterUserViewController.swift in Sources */,
				9BB03C4A1E23994B00BDA47C /* AppDelegate.swift in Sources */,
				9BC4521C1F087B780026333C /* TextFieldTableViewCell.swift in Sources */,
				9BC4521A1F0651560026333C /* LogInViewController.swift in Sources */,
				9BF639E61FDBB73D00DB800D /* ListHooksAndUsersViewController.swift in Sources */,
				9BB03C521E23994B00BDA47C /* Current.xcdatamodeld in Sources */,
				9B41D2721FAC28F200EF7838 /* HUBTabBarViewController.swift in Sources */,
				9BEA65A51FB19D30004B204C /* CurrentUser.swift in Sources */,
				9B768DC21FBCDCD300663F56 /* Hook.swift in Sources */,
				9B9690211F945A900071A785 /* LaunchScreenTableViewController.swift in Sources */,
				9B88ADF01F99C0C500B73F81 /* RippleTableViewController.swift in Sources */,
				9BC452161F05F7A10026333C /* OldCreateProfileTableViewController.swift in Sources */,
				9BC452181F05FB150026333C /* TextTableViewCell.swift in Sources */,
				9B41D2761FAC4CE500EF7838 /* ProfileViewController.swift in Sources */,
				9B41D2741FAC441700EF7838 /* NavViewController.swift in Sources */,
				9B46A98E1F99C256006A6E93 /* RipplePracticeViewController.swift in Sources */,
				9BF639EA1FDBBD4E00DB800D /* FiltersTableViewController.swift in Sources */,
			);
			runOnlyForDeploymentPostprocessing = 0;
		};
		9BB03C591E23994C00BDA47C /* Sources */ = {
			isa = PBXSourcesBuildPhase;
			buildActionMask = 2147483647;
			files = (
				9BB03C621E23994C00BDA47C /* CurrentTests.swift in Sources */,
			);
			runOnlyForDeploymentPostprocessing = 0;
		};
		9BB03C641E23994C00BDA47C /* Sources */ = {
			isa = PBXSourcesBuildPhase;
			buildActionMask = 2147483647;
			files = (
				9BB03C6D1E23994C00BDA47C /* CurrentUITests.swift in Sources */,
			);
			runOnlyForDeploymentPostprocessing = 0;
		};
/* End PBXSourcesBuildPhase section */

/* Begin PBXTargetDependency section */
		9BB03C5F1E23994C00BDA47C /* PBXTargetDependency */ = {
			isa = PBXTargetDependency;
			target = 9BB03C451E23994A00BDA47C /* Current */;
			targetProxy = 9BB03C5E1E23994C00BDA47C /* PBXContainerItemProxy */;
		};
		9BB03C6A1E23994C00BDA47C /* PBXTargetDependency */ = {
			isa = PBXTargetDependency;
			target = 9BB03C451E23994A00BDA47C /* Current */;
			targetProxy = 9BB03C691E23994C00BDA47C /* PBXContainerItemProxy */;
		};
/* End PBXTargetDependency section */

/* Begin PBXVariantGroup section */
		9BB03C4D1E23994B00BDA47C /* Main.storyboard */ = {
			isa = PBXVariantGroup;
			children = (
				9BB03C4E1E23994B00BDA47C /* Base */,
			);
			name = Main.storyboard;
			sourceTree = "<group>";
		};
		9BB03C551E23994B00BDA47C /* LaunchScreen.storyboard */ = {
			isa = PBXVariantGroup;
			children = (
				9BB03C561E23994B00BDA47C /* Base */,
			);
			name = LaunchScreen.storyboard;
			sourceTree = "<group>";
		};
/* End PBXVariantGroup section */

/* Begin XCBuildConfiguration section */
		9BB03C6F1E23994C00BDA47C /* Debug */ = {
			isa = XCBuildConfiguration;
			buildSettings = {
				ALWAYS_SEARCH_USER_PATHS = NO;
				CLANG_ANALYZER_NONNULL = YES;
				CLANG_CXX_LANGUAGE_STANDARD = "gnu++0x";
				CLANG_CXX_LIBRARY = "libc++";
				CLANG_ENABLE_MODULES = YES;
				CLANG_ENABLE_OBJC_ARC = YES;
				CLANG_WARN_BLOCK_CAPTURE_AUTORELEASING = YES;
				CLANG_WARN_BOOL_CONVERSION = YES;
				CLANG_WARN_COMMA = YES;
				CLANG_WARN_CONSTANT_CONVERSION = YES;
				CLANG_WARN_DIRECT_OBJC_ISA_USAGE = YES_ERROR;
				CLANG_WARN_DOCUMENTATION_COMMENTS = YES;
				CLANG_WARN_EMPTY_BODY = YES;
				CLANG_WARN_ENUM_CONVERSION = YES;
				CLANG_WARN_INFINITE_RECURSION = YES;
				CLANG_WARN_INT_CONVERSION = YES;
				CLANG_WARN_NON_LITERAL_NULL_CONVERSION = YES;
				CLANG_WARN_OBJC_LITERAL_CONVERSION = YES;
				CLANG_WARN_OBJC_ROOT_CLASS = YES_ERROR;
				CLANG_WARN_RANGE_LOOP_ANALYSIS = YES;
				CLANG_WARN_STRICT_PROTOTYPES = YES;
				CLANG_WARN_SUSPICIOUS_MOVE = YES;
				CLANG_WARN_UNREACHABLE_CODE = YES;
				CLANG_WARN__DUPLICATE_METHOD_MATCH = YES;
				"CODE_SIGN_IDENTITY[sdk=iphoneos*]" = "iPhone Developer";
				COPY_PHASE_STRIP = NO;
				DEBUG_INFORMATION_FORMAT = dwarf;
				ENABLE_STRICT_OBJC_MSGSEND = YES;
				ENABLE_TESTABILITY = YES;
				GCC_C_LANGUAGE_STANDARD = gnu99;
				GCC_DYNAMIC_NO_PIC = NO;
				GCC_NO_COMMON_BLOCKS = YES;
				GCC_OPTIMIZATION_LEVEL = 0;
				GCC_PREPROCESSOR_DEFINITIONS = (
					"DEBUG=1",
					"$(inherited)",
				);
				GCC_WARN_64_TO_32_BIT_CONVERSION = YES;
				GCC_WARN_ABOUT_RETURN_TYPE = YES_ERROR;
				GCC_WARN_UNDECLARED_SELECTOR = YES;
				GCC_WARN_UNINITIALIZED_AUTOS = YES_AGGRESSIVE;
				GCC_WARN_UNUSED_FUNCTION = YES;
				GCC_WARN_UNUSED_VARIABLE = YES;
				IPHONEOS_DEPLOYMENT_TARGET = 10.2;
				MTL_ENABLE_DEBUG_INFO = YES;
				ONLY_ACTIVE_ARCH = YES;
				SDKROOT = iphoneos;
				SWIFT_ACTIVE_COMPILATION_CONDITIONS = DEBUG;
				SWIFT_OPTIMIZATION_LEVEL = "-Onone";
				TARGETED_DEVICE_FAMILY = "1,2";
			};
			name = Debug;
		};
		9BB03C701E23994C00BDA47C /* Release */ = {
			isa = XCBuildConfiguration;
			buildSettings = {
				ALWAYS_SEARCH_USER_PATHS = NO;
				CLANG_ANALYZER_NONNULL = YES;
				CLANG_CXX_LANGUAGE_STANDARD = "gnu++0x";
				CLANG_CXX_LIBRARY = "libc++";
				CLANG_ENABLE_MODULES = YES;
				CLANG_ENABLE_OBJC_ARC = YES;
				CLANG_WARN_BLOCK_CAPTURE_AUTORELEASING = YES;
				CLANG_WARN_BOOL_CONVERSION = YES;
				CLANG_WARN_COMMA = YES;
				CLANG_WARN_CONSTANT_CONVERSION = YES;
				CLANG_WARN_DIRECT_OBJC_ISA_USAGE = YES_ERROR;
				CLANG_WARN_DOCUMENTATION_COMMENTS = YES;
				CLANG_WARN_EMPTY_BODY = YES;
				CLANG_WARN_ENUM_CONVERSION = YES;
				CLANG_WARN_INFINITE_RECURSION = YES;
				CLANG_WARN_INT_CONVERSION = YES;
				CLANG_WARN_NON_LITERAL_NULL_CONVERSION = YES;
				CLANG_WARN_OBJC_LITERAL_CONVERSION = YES;
				CLANG_WARN_OBJC_ROOT_CLASS = YES_ERROR;
				CLANG_WARN_RANGE_LOOP_ANALYSIS = YES;
				CLANG_WARN_STRICT_PROTOTYPES = YES;
				CLANG_WARN_SUSPICIOUS_MOVE = YES;
				CLANG_WARN_UNREACHABLE_CODE = YES;
				CLANG_WARN__DUPLICATE_METHOD_MATCH = YES;
				"CODE_SIGN_IDENTITY[sdk=iphoneos*]" = "iPhone Developer";
				COPY_PHASE_STRIP = NO;
				DEBUG_INFORMATION_FORMAT = "dwarf-with-dsym";
				ENABLE_NS_ASSERTIONS = NO;
				ENABLE_STRICT_OBJC_MSGSEND = YES;
				GCC_C_LANGUAGE_STANDARD = gnu99;
				GCC_NO_COMMON_BLOCKS = YES;
				GCC_WARN_64_TO_32_BIT_CONVERSION = YES;
				GCC_WARN_ABOUT_RETURN_TYPE = YES_ERROR;
				GCC_WARN_UNDECLARED_SELECTOR = YES;
				GCC_WARN_UNINITIALIZED_AUTOS = YES_AGGRESSIVE;
				GCC_WARN_UNUSED_FUNCTION = YES;
				GCC_WARN_UNUSED_VARIABLE = YES;
				IPHONEOS_DEPLOYMENT_TARGET = 10.2;
				MTL_ENABLE_DEBUG_INFO = NO;
				SDKROOT = iphoneos;
				SWIFT_OPTIMIZATION_LEVEL = "-Owholemodule";
				TARGETED_DEVICE_FAMILY = "1,2";
				VALIDATE_PRODUCT = YES;
			};
			name = Release;
		};
		9BB03C721E23994C00BDA47C /* Debug */ = {
			isa = XCBuildConfiguration;
			baseConfigurationReference = EB27090FDDC93F7FD72E7450 /* Pods-Current.debug.xcconfig */;
			buildSettings = {
				ASSETCATALOG_COMPILER_APPICON_NAME = AppIcon;
				INFOPLIST_FILE = Current/Info.plist;
				LD_RUNPATH_SEARCH_PATHS = "$(inherited) @executable_path/Frameworks";
				PRODUCT_BUNDLE_IDENTIFIER = Amelior8.Current;
				PRODUCT_NAME = "$(TARGET_NAME)";
				SWIFT_SWIFT3_OBJC_INFERENCE = On;
				SWIFT_VERSION = 4.0;
			};
			name = Debug;
		};
		9BB03C731E23994C00BDA47C /* Release */ = {
			isa = XCBuildConfiguration;
			baseConfigurationReference = 610C33A82AD582C43A365481 /* Pods-Current.release.xcconfig */;
			buildSettings = {
				ASSETCATALOG_COMPILER_APPICON_NAME = AppIcon;
				INFOPLIST_FILE = Current/Info.plist;
				LD_RUNPATH_SEARCH_PATHS = "$(inherited) @executable_path/Frameworks";
				PRODUCT_BUNDLE_IDENTIFIER = Amelior8.Current;
				PRODUCT_NAME = "$(TARGET_NAME)";
				SWIFT_SWIFT3_OBJC_INFERENCE = On;
				SWIFT_VERSION = 4.0;
			};
			name = Release;
		};
		9BB03C751E23994C00BDA47C /* Debug */ = {
			isa = XCBuildConfiguration;
			baseConfigurationReference = 30AB60A9E957A8FBBEAB1E37 /* Pods-CurrentTests.debug.xcconfig */;
			buildSettings = {
				ALWAYS_EMBED_SWIFT_STANDARD_LIBRARIES = YES;
				BUNDLE_LOADER = "$(TEST_HOST)";
				INFOPLIST_FILE = CurrentTests/Info.plist;
				LD_RUNPATH_SEARCH_PATHS = "$(inherited) @executable_path/Frameworks @loader_path/Frameworks";
				PRODUCT_BUNDLE_IDENTIFIER = Amelior8.CurrentTests;
				PRODUCT_NAME = "$(TARGET_NAME)";
				SWIFT_SWIFT3_OBJC_INFERENCE = On;
				SWIFT_VERSION = 4.0;
				TEST_HOST = "$(BUILT_PRODUCTS_DIR)/Current.app/Current";
			};
			name = Debug;
		};
		9BB03C761E23994C00BDA47C /* Release */ = {
			isa = XCBuildConfiguration;
			baseConfigurationReference = 198842FC069087E94A35D806 /* Pods-CurrentTests.release.xcconfig */;
			buildSettings = {
				ALWAYS_EMBED_SWIFT_STANDARD_LIBRARIES = YES;
				BUNDLE_LOADER = "$(TEST_HOST)";
				INFOPLIST_FILE = CurrentTests/Info.plist;
				LD_RUNPATH_SEARCH_PATHS = "$(inherited) @executable_path/Frameworks @loader_path/Frameworks";
				PRODUCT_BUNDLE_IDENTIFIER = Amelior8.CurrentTests;
				PRODUCT_NAME = "$(TARGET_NAME)";
				SWIFT_SWIFT3_OBJC_INFERENCE = On;
				SWIFT_VERSION = 4.0;
				TEST_HOST = "$(BUILT_PRODUCTS_DIR)/Current.app/Current";
			};
			name = Release;
		};
		9BB03C781E23994C00BDA47C /* Debug */ = {
			isa = XCBuildConfiguration;
			baseConfigurationReference = CEDA5F978B0BAE75D87AD648 /* Pods-CurrentUITests.debug.xcconfig */;
			buildSettings = {
				ALWAYS_EMBED_SWIFT_STANDARD_LIBRARIES = YES;
				INFOPLIST_FILE = CurrentUITests/Info.plist;
				LD_RUNPATH_SEARCH_PATHS = "$(inherited) @executable_path/Frameworks @loader_path/Frameworks";
				PRODUCT_BUNDLE_IDENTIFIER = Amelior8.CurrentUITests;
				PRODUCT_NAME = "$(TARGET_NAME)";
				SWIFT_SWIFT3_OBJC_INFERENCE = On;
				SWIFT_VERSION = 4.0;
				TEST_TARGET_NAME = Current;
			};
			name = Debug;
		};
		9BB03C791E23994C00BDA47C /* Release */ = {
			isa = XCBuildConfiguration;
			baseConfigurationReference = 3CF38D4F0DD571255298210B /* Pods-CurrentUITests.release.xcconfig */;
			buildSettings = {
				ALWAYS_EMBED_SWIFT_STANDARD_LIBRARIES = YES;
				INFOPLIST_FILE = CurrentUITests/Info.plist;
				LD_RUNPATH_SEARCH_PATHS = "$(inherited) @executable_path/Frameworks @loader_path/Frameworks";
				PRODUCT_BUNDLE_IDENTIFIER = Amelior8.CurrentUITests;
				PRODUCT_NAME = "$(TARGET_NAME)";
				SWIFT_SWIFT3_OBJC_INFERENCE = On;
				SWIFT_VERSION = 4.0;
				TEST_TARGET_NAME = Current;
			};
			name = Release;
		};
/* End XCBuildConfiguration section */

/* Begin XCConfigurationList section */
		9BB03C411E23994A00BDA47C /* Build configuration list for PBXProject "Current" */ = {
			isa = XCConfigurationList;
			buildConfigurations = (
				9BB03C6F1E23994C00BDA47C /* Debug */,
				9BB03C701E23994C00BDA47C /* Release */,
			);
			defaultConfigurationIsVisible = 0;
			defaultConfigurationName = Release;
		};
		9BB03C711E23994C00BDA47C /* Build configuration list for PBXNativeTarget "Current" */ = {
			isa = XCConfigurationList;
			buildConfigurations = (
				9BB03C721E23994C00BDA47C /* Debug */,
				9BB03C731E23994C00BDA47C /* Release */,
			);
			defaultConfigurationIsVisible = 0;
			defaultConfigurationName = Release;
		};
		9BB03C741E23994C00BDA47C /* Build configuration list for PBXNativeTarget "CurrentTests" */ = {
			isa = XCConfigurationList;
			buildConfigurations = (
				9BB03C751E23994C00BDA47C /* Debug */,
				9BB03C761E23994C00BDA47C /* Release */,
			);
			defaultConfigurationIsVisible = 0;
			defaultConfigurationName = Release;
		};
		9BB03C771E23994C00BDA47C /* Build configuration list for PBXNativeTarget "CurrentUITests" */ = {
			isa = XCConfigurationList;
			buildConfigurations = (
				9BB03C781E23994C00BDA47C /* Debug */,
				9BB03C791E23994C00BDA47C /* Release */,
			);
			defaultConfigurationIsVisible = 0;
			defaultConfigurationName = Release;
		};
/* End XCConfigurationList section */

/* Begin XCVersionGroup section */
		9BB03C501E23994B00BDA47C /* Current.xcdatamodeld */ = {
			isa = XCVersionGroup;
			children = (
				9BB03C511E23994B00BDA47C /* Current.xcdatamodel */,
			);
			currentVersion = 9BB03C511E23994B00BDA47C /* Current.xcdatamodel */;
			path = Current.xcdatamodeld;
			sourceTree = "<group>";
			versionGroupType = wrapper.xcdatamodel;
		};
/* End XCVersionGroup section */
	};
	rootObject = 9BB03C3E1E23994A00BDA47C /* Project object */;
}
